
Microsoft Visual Studio Solution File, Format Version 12.00
# Visual Studio Version 16
VisualStudioVersion = 16.0.30907.101
MinimumVisualStudioVersion = 10.0.40219.1
Project("{FAE04EC0-301F-11D3-BF4B-00C04F79EFBC}") = "Dailymotion Assistant", "DailymotionAssistant\DailymotionAssistant.csproj", "{0B4EC5DE-AF52-437C-A5C7-835229F8FD1D}"
EndProject
Global
	GlobalSection(SolutionConfigurationPlatforms) = preSolution
		Debug|Any CPU = Debug|Any CPU
		Release|Any CPU = Release|Any CPU
	EndGlobalSection
	GlobalSection(ProjectConfigurationPlatforms) = postSolution
		{0B4EC5DE-AF52-437C-A5C7-835229F8FD1D}.Debug|Any CPU.ActiveCfg = Debug|Any CPU
		{0B4EC5DE-AF52-437C-A5C7-835229F8FD1D}.Debug|Any CPU.Build.0 = Debug|Any CPU
		{0B4EC5DE-AF52-437C-A5C7-835229F8FD1D}.Release|Any CPU.ActiveCfg = Release|Any CPU
		{0B4EC5DE-AF52-437C-A5C7-835229F8FD1D}.Release|Any CPU.Build.0 = Release|Any CPU
	EndGlobalSection
	GlobalSection(SolutionProperties) = preSolution
		HideSolutionNode = FALSE
	EndGlobalSection
	GlobalSection(ExtensibilityGlobals) = postSolution
		SolutionGuid = {1786A3A9-FC44-4D57-B039-85AC2A5D0528}
	EndGlobalSection
EndGlobal
